{
  "name": "CloudAppX_Capstone",
  "lockfileVersion": 3,
  "requires": true,
  "packages": {
    "": {
      "dependencies": {
        "ldrs": "^1.1.9"
      }
    },
    "node_modules/ldrs": {
      "version": "1.1.9",
      "resolved": "https://registry.npmjs.org/ldrs/-/ldrs-1.1.9.tgz",
      "integrity": "sha512-JKVdzboxeZrKecA8ovi5iIDgs59wUrtJ+LDrHCgZecNrR0AJi2cJ3ZANJ+UCNS/sHRol73/jlypNCAMCXS+Ung==",
      "license": "MIT"
    }
  }
}
